
Microsoft Visual Studio Solution File, Format Version 12.00
# Visual Studio Version 17
VisualStudioVersion = 17.11.35219.272
MinimumVisualStudioVersion = 10.0.40219.1
Project("{9A19103F-16F7-4668-BE54-9A1E7A4F7556}") = "L003_Kodstruktur_Problemlösning_Standardfunktioner", "Lectures\L003_Kodstruktur_Problemlösning_Standardfunktioner\L003_Kodstruktur_Problemlösning_Standardfunktioner.csproj", "{59685514-0AE6-47B6-9D75-6B5869FA3F84}"
EndProject
Project("{9A19103F-16F7-4668-BE54-9A1E7A4F7556}") = "L003_Iterationer", "Lectures\L003_Iterationer\L003_Iterationer.csproj", "{5CA50E39-B73B-4A4A-A394-B485EC3B359A}"
EndProject
Project("{9A19103F-16F7-4668-BE54-9A1E7A4F7556}") = "E001_Variables", "Exercises\E001_Variables\E001_Variables.csproj", "{8F302487-B045-4356-B32A-B0171E93CE4B}"
EndProject
Project("{9A19103F-16F7-4668-BE54-9A1E7A4F7556}") = "L001_Introduction", "Lectures\L001_Introduction\L001_Introduction.csproj", "{02E07A0F-5D64-4212-8416-A33A05F99E59}"
EndProject
Project("{9A19103F-16F7-4668-BE54-9A1E7A4F7556}") = "E002_Loops", "Exercises\E002_Loops\E002_Loops.csproj", "{D6A86E52-642C-4175-8569-8D9BC59F1700}"
EndProject
Project("{9A19103F-16F7-4668-BE54-9A1E7A4F7556}") = "E003_Index", "Exercises\E003_Index\E003_Index.csproj", "{327FA6A8-D9E6-4C8B-BEEE-87FC31A85040}"
EndProject
Project("{9A19103F-16F7-4668-BE54-9A1E7A4F7556}") = "E004_Functions", "Exercises\E004_Functions\E004_Functions.csproj", "{A6077DA9-7D02-4FBB-B30C-13EB48421A76}"
EndProject
Project("{9A19103F-16F7-4668-BE54-9A1E7A4F7556}") = "E005_Assignment_1_Excersises", "Exercises\E005_Assignment_1_Excersises\E005_Assignment_1_Excersises.csproj", "{2D39F340-F51D-4108-8848-DA7C2E59C088}"
EndProject
Project("{9A19103F-16F7-4668-BE54-9A1E7A4F7556}") = "L009_Unicode", "Lectures\L009_Unicode\L009_Unicode.csproj", "{348C226A-5672-495A-9EB8-A8A01F8EE86F}"
EndProject
Project("{9A19103F-16F7-4668-BE54-9A1E7A4F7556}") = "L010_FileStream", "Lectures\L010_FileStream\L010_FileStream.csproj", "{69438780-5300-40F3-8AD5-9CCB9264E2C1}"
EndProject
Project("{9A19103F-16F7-4668-BE54-9A1E7A4F7556}") = "L008_Exceptions", "Lectures\L008_Exceptions\L008_Exceptions.csproj", "{B3A50A98-7C9E-4142-BE70-209BB8F11F2A}"
EndProject
Project("{9A19103F-16F7-4668-BE54-9A1E7A4F7556}") = "L010_StreamWriter_StreamReader", "Lectures\L010_StreamWriter_StreamReader\L010_StreamWriter_StreamReader.csproj", "{60A19B56-911E-40A8-A7AD-38394A149A90}"
EndProject
Project("{9A19103F-16F7-4668-BE54-9A1E7A4F7556}") = "L010_Path_Directory", "Lectures\L010_Path_Directory\L010_Path_Directory.csproj", "{4530530E-B7E6-4C24-B89E-37E62E41BA5F}"
EndProject
Project("{9A19103F-16F7-4668-BE54-9A1E7A4F7556}") = "EOOP_001_WriteNames", "Exercises\E006_OOP\EOOP_001_WriteNames\EOOP_001_WriteNames.csproj", "{A532718C-A3E5-4618-9073-0D19F7AACCC9}"
EndProject
Project("{9A19103F-16F7-4668-BE54-9A1E7A4F7556}") = "L011_OOP_Intro", "Lectures\L011_OOP\L011_OOP\L011_OOP_Intro.csproj", "{ED7B483F-7265-4308-A1D9-7DF6522335F5}"
EndProject
Project("{9A19103F-16F7-4668-BE54-9A1E7A4F7556}") = "L012_OOP_ConstructurProperties", "Lectures\L012_OOP_ConstructurProperties\L012_OOP_ConstructurProperties.csproj", "{D03118F3-F5FA-485C-95C8-59D93372311E}"
EndProject
Project("{9A19103F-16F7-4668-BE54-9A1E7A4F7556}") = "L012_Main_method_entry_point", "Lectures\L012_Main_method_entry_point\L012_Main_method_entry_point.csproj", "{F918E447-B5A0-40C4-AACE-F1E66E1F6ABB}"
EndProject
Project("{9A19103F-16F7-4668-BE54-9A1E7A4F7556}") = "E007_MetaData", "Exercises\E007_MetaData\E007_MetaData\E007_MetaData.csproj", "{DA52AFEF-F366-4F84-BA0B-91DBF9A71D3C}"
EndProject
Project("{9A19103F-16F7-4668-BE54-9A1E7A4F7556}") = "L012_Namespace_Using", "Lectures\L012_Namespace_Using\L012_Namespace_Using.csproj", "{E3016792-1411-4832-9C13-09B2A6AB9F88}"
EndProject
Project("{9A19103F-16F7-4668-BE54-9A1E7A4F7556}") = "L012_Constructor", "Lectures\L012_Constructor\L012_Constructor.csproj", "{C81AFC1B-0B71-4C82-814F-DF3A5B9A2DFC}"
EndProject
Project("{9A19103F-16F7-4668-BE54-9A1E7A4F7556}") = "L012_Properties", "Lectures\L012_Properties\L012_Properties.csproj", "{B928551D-4328-4E59-8DC7-00E91AB2F759}"
EndProject
Project("{FAE04EC0-301F-11D3-BF4B-00C04F79EFBC}") = "E008_Properties", "Exercises\E008_Properties\E008_Properties.csproj", "{77272978-5844-4A6D-97C7-62CA6D8DEB1A}"
EndProject
Global
	GlobalSection(SolutionConfigurationPlatforms) = preSolution
		Debug|Any CPU = Debug|Any CPU
		Release|Any CPU = Release|Any CPU
	EndGlobalSection
	GlobalSection(ProjectConfigurationPlatforms) = postSolution
		{59685514-0AE6-47B6-9D75-6B5869FA3F84}.Debug|Any CPU.ActiveCfg = Debug|Any CPU
		{59685514-0AE6-47B6-9D75-6B5869FA3F84}.Debug|Any CPU.Build.0 = Debug|Any CPU
		{59685514-0AE6-47B6-9D75-6B5869FA3F84}.Release|Any CPU.ActiveCfg = Release|Any CPU
		{59685514-0AE6-47B6-9D75-6B5869FA3F84}.Release|Any CPU.Build.0 = Release|Any CPU
		{5CA50E39-B73B-4A4A-A394-B485EC3B359A}.Debug|Any CPU.ActiveCfg = Debug|Any CPU
		{5CA50E39-B73B-4A4A-A394-B485EC3B359A}.Debug|Any CPU.Build.0 = Debug|Any CPU
		{5CA50E39-B73B-4A4A-A394-B485EC3B359A}.Release|Any CPU.ActiveCfg = Release|Any CPU
		{5CA50E39-B73B-4A4A-A394-B485EC3B359A}.Release|Any CPU.Build.0 = Release|Any CPU
		{8F302487-B045-4356-B32A-B0171E93CE4B}.Debug|Any CPU.ActiveCfg = Debug|Any CPU
		{8F302487-B045-4356-B32A-B0171E93CE4B}.Debug|Any CPU.Build.0 = Debug|Any CPU
		{8F302487-B045-4356-B32A-B0171E93CE4B}.Release|Any CPU.ActiveCfg = Release|Any CPU
		{8F302487-B045-4356-B32A-B0171E93CE4B}.Release|Any CPU.Build.0 = Release|Any CPU
		{02E07A0F-5D64-4212-8416-A33A05F99E59}.Debug|Any CPU.ActiveCfg = Debug|Any CPU
		{02E07A0F-5D64-4212-8416-A33A05F99E59}.Debug|Any CPU.Build.0 = Debug|Any CPU
		{02E07A0F-5D64-4212-8416-A33A05F99E59}.Release|Any CPU.ActiveCfg = Release|Any CPU
		{02E07A0F-5D64-4212-8416-A33A05F99E59}.Release|Any CPU.Build.0 = Release|Any CPU
		{D6A86E52-642C-4175-8569-8D9BC59F1700}.Debug|Any CPU.ActiveCfg = Debug|Any CPU
		{D6A86E52-642C-4175-8569-8D9BC59F1700}.Debug|Any CPU.Build.0 = Debug|Any CPU
		{D6A86E52-642C-4175-8569-8D9BC59F1700}.Release|Any CPU.ActiveCfg = Release|Any CPU
		{D6A86E52-642C-4175-8569-8D9BC59F1700}.Release|Any CPU.Build.0 = Release|Any CPU
		{327FA6A8-D9E6-4C8B-BEEE-87FC31A85040}.Debug|Any CPU.ActiveCfg = Debug|Any CPU
		{327FA6A8-D9E6-4C8B-BEEE-87FC31A85040}.Debug|Any CPU.Build.0 = Debug|Any CPU
		{327FA6A8-D9E6-4C8B-BEEE-87FC31A85040}.Release|Any CPU.ActiveCfg = Release|Any CPU
		{327FA6A8-D9E6-4C8B-BEEE-87FC31A85040}.Release|Any CPU.Build.0 = Release|Any CPU
		{A6077DA9-7D02-4FBB-B30C-13EB48421A76}.Debug|Any CPU.ActiveCfg = Debug|Any CPU
		{A6077DA9-7D02-4FBB-B30C-13EB48421A76}.Debug|Any CPU.Build.0 = Debug|Any CPU
		{A6077DA9-7D02-4FBB-B30C-13EB48421A76}.Release|Any CPU.ActiveCfg = Release|Any CPU
		{A6077DA9-7D02-4FBB-B30C-13EB48421A76}.Release|Any CPU.Build.0 = Release|Any CPU
		{2D39F340-F51D-4108-8848-DA7C2E59C088}.Debug|Any CPU.ActiveCfg = Debug|Any CPU
		{2D39F340-F51D-4108-8848-DA7C2E59C088}.Debug|Any CPU.Build.0 = Debug|Any CPU
		{2D39F340-F51D-4108-8848-DA7C2E59C088}.Release|Any CPU.ActiveCfg = Release|Any CPU
		{2D39F340-F51D-4108-8848-DA7C2E59C088}.Release|Any CPU.Build.0 = Release|Any CPU
		{348C226A-5672-495A-9EB8-A8A01F8EE86F}.Debug|Any CPU.ActiveCfg = Debug|Any CPU
		{348C226A-5672-495A-9EB8-A8A01F8EE86F}.Debug|Any CPU.Build.0 = Debug|Any CPU
		{348C226A-5672-495A-9EB8-A8A01F8EE86F}.Release|Any CPU.ActiveCfg = Release|Any CPU
		{348C226A-5672-495A-9EB8-A8A01F8EE86F}.Release|Any CPU.Build.0 = Release|Any CPU
		{69438780-5300-40F3-8AD5-9CCB9264E2C1}.Debug|Any CPU.ActiveCfg = Debug|Any CPU
		{69438780-5300-40F3-8AD5-9CCB9264E2C1}.Debug|Any CPU.Build.0 = Debug|Any CPU
		{69438780-5300-40F3-8AD5-9CCB9264E2C1}.Release|Any CPU.ActiveCfg = Release|Any CPU
		{69438780-5300-40F3-8AD5-9CCB9264E2C1}.Release|Any CPU.Build.0 = Release|Any CPU
		{B3A50A98-7C9E-4142-BE70-209BB8F11F2A}.Debug|Any CPU.ActiveCfg = Debug|Any CPU
		{B3A50A98-7C9E-4142-BE70-209BB8F11F2A}.Debug|Any CPU.Build.0 = Debug|Any CPU
		{B3A50A98-7C9E-4142-BE70-209BB8F11F2A}.Release|Any CPU.ActiveCfg = Release|Any CPU
		{B3A50A98-7C9E-4142-BE70-209BB8F11F2A}.Release|Any CPU.Build.0 = Release|Any CPU
		{60A19B56-911E-40A8-A7AD-38394A149A90}.Debug|Any CPU.ActiveCfg = Debug|Any CPU
		{60A19B56-911E-40A8-A7AD-38394A149A90}.Debug|Any CPU.Build.0 = Debug|Any CPU
		{60A19B56-911E-40A8-A7AD-38394A149A90}.Release|Any CPU.ActiveCfg = Release|Any CPU
		{60A19B56-911E-40A8-A7AD-38394A149A90}.Release|Any CPU.Build.0 = Release|Any CPU
		{4530530E-B7E6-4C24-B89E-37E62E41BA5F}.Debug|Any CPU.ActiveCfg = Debug|Any CPU
		{4530530E-B7E6-4C24-B89E-37E62E41BA5F}.Debug|Any CPU.Build.0 = Debug|Any CPU
		{4530530E-B7E6-4C24-B89E-37E62E41BA5F}.Release|Any CPU.ActiveCfg = Release|Any CPU
		{4530530E-B7E6-4C24-B89E-37E62E41BA5F}.Release|Any CPU.Build.0 = Release|Any CPU
		{A532718C-A3E5-4618-9073-0D19F7AACCC9}.Debug|Any CPU.ActiveCfg = Debug|Any CPU
		{A532718C-A3E5-4618-9073-0D19F7AACCC9}.Debug|Any CPU.Build.0 = Debug|Any CPU
		{A532718C-A3E5-4618-9073-0D19F7AACCC9}.Release|Any CPU.ActiveCfg = Release|Any CPU
		{A532718C-A3E5-4618-9073-0D19F7AACCC9}.Release|Any CPU.Build.0 = Release|Any CPU
		{ED7B483F-7265-4308-A1D9-7DF6522335F5}.Debug|Any CPU.ActiveCfg = Debug|Any CPU
		{ED7B483F-7265-4308-A1D9-7DF6522335F5}.Debug|Any CPU.Build.0 = Debug|Any CPU
		{ED7B483F-7265-4308-A1D9-7DF6522335F5}.Release|Any CPU.ActiveCfg = Release|Any CPU
		{ED7B483F-7265-4308-A1D9-7DF6522335F5}.Release|Any CPU.Build.0 = Release|Any CPU
		{D03118F3-F5FA-485C-95C8-59D93372311E}.Debug|Any CPU.ActiveCfg = Debug|Any CPU
		{D03118F3-F5FA-485C-95C8-59D93372311E}.Debug|Any CPU.Build.0 = Debug|Any CPU
		{D03118F3-F5FA-485C-95C8-59D93372311E}.Release|Any CPU.ActiveCfg = Release|Any CPU
		{D03118F3-F5FA-485C-95C8-59D93372311E}.Release|Any CPU.Build.0 = Release|Any CPU
		{F918E447-B5A0-40C4-AACE-F1E66E1F6ABB}.Debug|Any CPU.ActiveCfg = Debug|Any CPU
		{F918E447-B5A0-40C4-AACE-F1E66E1F6ABB}.Debug|Any CPU.Build.0 = Debug|Any CPU
		{F918E447-B5A0-40C4-AACE-F1E66E1F6ABB}.Release|Any CPU.ActiveCfg = Release|Any CPU
		{F918E447-B5A0-40C4-AACE-F1E66E1F6ABB}.Release|Any CPU.Build.0 = Release|Any CPU
		{DA52AFEF-F366-4F84-BA0B-91DBF9A71D3C}.Debug|Any CPU.ActiveCfg = Debug|Any CPU
		{DA52AFEF-F366-4F84-BA0B-91DBF9A71D3C}.Debug|Any CPU.Build.0 = Debug|Any CPU
		{DA52AFEF-F366-4F84-BA0B-91DBF9A71D3C}.Release|Any CPU.ActiveCfg = Release|Any CPU
		{DA52AFEF-F366-4F84-BA0B-91DBF9A71D3C}.Release|Any CPU.Build.0 = Release|Any CPU
		{E3016792-1411-4832-9C13-09B2A6AB9F88}.Debug|Any CPU.ActiveCfg = Debug|Any CPU
		{E3016792-1411-4832-9C13-09B2A6AB9F88}.Debug|Any CPU.Build.0 = Debug|Any CPU
		{E3016792-1411-4832-9C13-09B2A6AB9F88}.Release|Any CPU.ActiveCfg = Release|Any CPU
		{E3016792-1411-4832-9C13-09B2A6AB9F88}.Release|Any CPU.Build.0 = Release|Any CPU
		{C81AFC1B-0B71-4C82-814F-DF3A5B9A2DFC}.Debug|Any CPU.ActiveCfg = Debug|Any CPU
		{C81AFC1B-0B71-4C82-814F-DF3A5B9A2DFC}.Debug|Any CPU.Build.0 = Debug|Any CPU
		{C81AFC1B-0B71-4C82-814F-DF3A5B9A2DFC}.Release|Any CPU.ActiveCfg = Release|Any CPU
		{C81AFC1B-0B71-4C82-814F-DF3A5B9A2DFC}.Release|Any CPU.Build.0 = Release|Any CPU
		{B928551D-4328-4E59-8DC7-00E91AB2F759}.Debug|Any CPU.ActiveCfg = Debug|Any CPU
		{B928551D-4328-4E59-8DC7-00E91AB2F759}.Debug|Any CPU.Build.0 = Debug|Any CPU
		{B928551D-4328-4E59-8DC7-00E91AB2F759}.Release|Any CPU.ActiveCfg = Release|Any CPU
		{B928551D-4328-4E59-8DC7-00E91AB2F759}.Release|Any CPU.Build.0 = Release|Any CPU
		{77272978-5844-4A6D-97C7-62CA6D8DEB1A}.Debug|Any CPU.ActiveCfg = Debug|Any CPU
		{77272978-5844-4A6D-97C7-62CA6D8DEB1A}.Debug|Any CPU.Build.0 = Debug|Any CPU
		{77272978-5844-4A6D-97C7-62CA6D8DEB1A}.Release|Any CPU.ActiveCfg = Release|Any CPU
		{77272978-5844-4A6D-97C7-62CA6D8DEB1A}.Release|Any CPU.Build.0 = Release|Any CPU
	EndGlobalSection
	GlobalSection(SolutionProperties) = preSolution
		HideSolutionNode = FALSE
	EndGlobalSection
	GlobalSection(ExtensibilityGlobals) = postSolution
		SolutionGuid = {41CC3A85-F9B7-47B7-874E-939A9439CE06}
	EndGlobalSection
EndGlobal
